
Microsoft Visual Studio Solution File, Format Version 12.00
# Visual Studio Version 17
VisualStudioVersion = 17.0.31903.59
MinimumVisualStudioVersion = 10.0.40219.1
Project("{2150E333-8FDC-42A3-9474-1A3956D46DE8}") = "Elementos de la solución", "Elementos de la solución", "{D107F4C8-89CC-BEA8-D3D7-CA6B7733353D}"
	ProjectSection(SolutionItems) = preProject
		Nuget.Config = Nuget.Config
	EndProjectSection
EndProject
Project("{FAE04EC0-301F-11D3-BF4B-00C04F79EFBC}") = "Hubcon.Client", "Hubcon.Client\Hubcon.Client.csproj", "{B59A35DC-B6C2-44A7-9812-ABE3018BF667}"
EndProject
Project("{FAE04EC0-301F-11D3-BF4B-00C04F79EFBC}") = "Hubcon.Server", "Hubcon.Server\Hubcon.Server.csproj", "{EB9DAA84-8E02-535A-600B-CF6BD510A139}"
EndProject
Project("{FAE04EC0-301F-11D3-BF4B-00C04F79EFBC}") = "Hubcon.Client.Abstractions", "Hubcon.Client.Abstractions\Hubcon.Client.Abstractions.csproj", "{AD2C2F94-847E-4DB2-AE18-B5DFB7DD951D}"
EndProject
Project("{FAE04EC0-301F-11D3-BF4B-00C04F79EFBC}") = "Hubcon.Shared.Abstractions", "Hubcon.Shared.Abstractions\Hubcon.Shared.Abstractions.csproj", "{9E82BCAB-20A3-2B8E-2C09-C812741F60AB}"
EndProject
Project("{FAE04EC0-301F-11D3-BF4B-00C04F79EFBC}") = "Hubcon.Client.Core", "Hubcon.Client.Core\Hubcon.Client.Core.csproj", "{2E264844-1D9A-4E3E-B38A-88AF26DA6C8E}"
EndProject
Project("{FAE04EC0-301F-11D3-BF4B-00C04F79EFBC}") = "Hubcon.Server.Abstractions", "Hubcon.Server.Abstractions\Hubcon.Server.Abstractions.csproj", "{1AA2E92C-A2E5-4742-B00D-527E948B9CF4}"
EndProject
Project("{FAE04EC0-301F-11D3-BF4B-00C04F79EFBC}") = "Hubcon.Shared.Abstractions.Standard", "Hubcon.Shared.Abstractions.Standard\Hubcon.Shared.Abstractions.Standard.csproj", "{AFCFD429-9DD5-40C2-9B43-7450A62C7972}"
EndProject
Project("{FAE04EC0-301F-11D3-BF4B-00C04F79EFBC}") = "Hubcon.Server.Core", "Hubcon.Server.Core\Hubcon.Server.Core.csproj", "{ADE18DF6-155E-4B05-9101-83DFAF9F10AB}"
EndProject
Project("{FAE04EC0-301F-11D3-BF4B-00C04F79EFBC}") = "Hubcon.Shared.Core", "Hubcon.Shared.Core\Hubcon.Shared.Core.csproj", "{EADAFFB7-5265-48DD-9E92-23C9CE49D231}"
EndProject
Project("{FAE04EC0-301F-11D3-BF4B-00C04F79EFBC}") = "HubconAnalyzers.CodeFixes", "HubconAnalyzers.CodeFixes\HubconAnalyzers.CodeFixes.csproj", "{E6A863D4-8206-BF14-A412-3D52CB01AAD0}"
EndProject
Project("{FAE04EC0-301F-11D3-BF4B-00C04F79EFBC}") = "HubconAnalyzers.DiagnosticSuppressors", "HubconAnalyzers.DiagnosticSuppressors\HubconAnalyzers.DiagnosticSuppressors.csproj", "{72F96305-E330-FE35-1B01-AB4FA9F3618E}"
EndProject
Project("{FAE04EC0-301F-11D3-BF4B-00C04F79EFBC}") = "HubconAnalyzers.SourceGenerators", "HubconAnalyzers.SourceGenerators\HubconAnalyzers.SourceGenerators.csproj", "{81B55FF4-1E67-580D-7F01-61C1F2212A64}"
EndProject
Project("{FAE04EC0-301F-11D3-BF4B-00C04F79EFBC}") = "HubconAnalyzers", "HubconAnalyzers\HubconAnalyzers.csproj", "{902A1CC6-9ADB-F03B-E515-FFE36246EF84}"
EndProject
Project("{FAE04EC0-301F-11D3-BF4B-00C04F79EFBC}") = "Hubcon.Shared", "Hubcon.Shared\Hubcon.Shared.csproj", "{42F872A5-F0E1-4FA3-87FB-1D1E4AC4ADB5}"
EndProject
Project("{FAE04EC0-301F-11D3-BF4B-00C04F79EFBC}") = "HubconTest", "Examples\ClassicExample\HubconTest\HubconTest.csproj", "{8B88F9D8-383A-E122-E109-DC041127D84F}"
EndProject
Project("{2150E333-8FDC-42A3-9474-1A3956D46DE8}") = "Examples", "Examples", "{02EA681E-C7D8-13C7-8484-4AC65E1B71E8}"
EndProject
Project("{2150E333-8FDC-42A3-9474-1A3956D46DE8}") = "ClassicExample", "ClassicExample", "{4D910D74-FA9E-4A18-8D1F-6AEBCF967CF4}"
EndProject
Project("{2150E333-8FDC-42A3-9474-1A3956D46DE8}") = "BlazorExample", "BlazorExample", "{FD864E60-D8EF-4BA0-ACF4-58C748092E7D}"
EndProject
Project("{2150E333-8FDC-42A3-9474-1A3956D46DE8}") = "MicroservicesExample", "MicroservicesExample", "{AD1B4179-F737-48AE-A61C-941F2759E05E}"
EndProject
Project("{FAE04EC0-301F-11D3-BF4B-00C04F79EFBC}") = "HubconTestClient", "Examples\ClassicExample\HubconTestClient\HubconTestClient.csproj", "{D5185AD9-25A9-C41B-D4E8-9FFBE6515871}"
EndProject
Project("{FAE04EC0-301F-11D3-BF4B-00C04F79EFBC}") = "HubconTestDomain", "Examples\HubconTestDomain\HubconTestDomain.csproj", "{FB286D52-D9DD-1104-3A8F-B2B2C97BDA05}"
EndProject
Project("{FAE04EC0-301F-11D3-BF4B-00C04F79EFBC}") = "Hubcon.Blazor", "Examples\BlazorExample\Hubcon.Blazor\Hubcon.Blazor\Hubcon.Blazor.csproj", "{44F778B6-2F20-0600-9E36-A251646C9C21}"
EndProject
Project("{FAE04EC0-301F-11D3-BF4B-00C04F79EFBC}") = "Hubcon.Blazor.Client", "Examples\BlazorExample\Hubcon.Blazor\Hubcon.Blazor.Client\Hubcon.Blazor.Client.csproj", "{24A10BEA-ADC7-38F3-1A2D-F20D7E8A5743}"
EndProject
Project("{FAE04EC0-301F-11D3-BF4B-00C04F79EFBC}") = "BlazorTestServer", "BlazorTestServer\BlazorTestServer.csproj", "{DA3E1394-873E-4F40-8182-97487220569F}"
EndProject
Project("{FAE04EC0-301F-11D3-BF4B-00C04F79EFBC}") = "ExampleMicroservice1", "Examples\MicroservicesExample\ExampleMicroservice1\ExampleMicroservice1.csproj", "{F98BAD3A-3D69-47DD-9C3C-5549A56F2556}"
EndProject
Project("{FAE04EC0-301F-11D3-BF4B-00C04F79EFBC}") = "ExampleMicroservice2", "Examples\MicroservicesExample\ExampleMicroservice2\ExampleMicroservice2.csproj", "{13152117-B62B-44C9-97CB-530888D3A6F8}"
EndProject
Project("{FAE04EC0-301F-11D3-BF4B-00C04F79EFBC}") = "ExampleMicroservice3", "Examples\MicroservicesExample\ExampleMicroservice3\ExampleMicroservice3.csproj", "{2111D8D2-8DA1-47B1-ABCD-3CE4C3B66D52}"
EndProject
Project("{FAE04EC0-301F-11D3-BF4B-00C04F79EFBC}") = "ExampleMicroservicesDomain", "Examples\MicroservicesExample\ExampleMicroservicesDomain\ExampleMicroservicesDomain.csproj", "{BA01DABD-7E81-4329-AB2A-16E409AB0858}"
EndProject
Global
	GlobalSection(SolutionConfigurationPlatforms) = preSolution
		Debug|Any CPU = Debug|Any CPU
		Release|Any CPU = Release|Any CPU
	EndGlobalSection
	GlobalSection(ProjectConfigurationPlatforms) = postSolution
		{B59A35DC-B6C2-44A7-9812-ABE3018BF667}.Debug|Any CPU.ActiveCfg = Debug|Any CPU
		{B59A35DC-B6C2-44A7-9812-ABE3018BF667}.Debug|Any CPU.Build.0 = Debug|Any CPU
		{B59A35DC-B6C2-44A7-9812-ABE3018BF667}.Release|Any CPU.ActiveCfg = Release|Any CPU
		{B59A35DC-B6C2-44A7-9812-ABE3018BF667}.Release|Any CPU.Build.0 = Release|Any CPU
		{EB9DAA84-8E02-535A-600B-CF6BD510A139}.Debug|Any CPU.ActiveCfg = Debug|Any CPU
		{EB9DAA84-8E02-535A-600B-CF6BD510A139}.Debug|Any CPU.Build.0 = Debug|Any CPU
		{EB9DAA84-8E02-535A-600B-CF6BD510A139}.Release|Any CPU.ActiveCfg = Release|Any CPU
		{EB9DAA84-8E02-535A-600B-CF6BD510A139}.Release|Any CPU.Build.0 = Release|Any CPU
		{AD2C2F94-847E-4DB2-AE18-B5DFB7DD951D}.Debug|Any CPU.ActiveCfg = Debug|Any CPU
		{AD2C2F94-847E-4DB2-AE18-B5DFB7DD951D}.Debug|Any CPU.Build.0 = Debug|Any CPU
		{AD2C2F94-847E-4DB2-AE18-B5DFB7DD951D}.Release|Any CPU.ActiveCfg = Release|Any CPU
		{AD2C2F94-847E-4DB2-AE18-B5DFB7DD951D}.Release|Any CPU.Build.0 = Release|Any CPU
		{9E82BCAB-20A3-2B8E-2C09-C812741F60AB}.Debug|Any CPU.ActiveCfg = Debug|Any CPU
		{9E82BCAB-20A3-2B8E-2C09-C812741F60AB}.Debug|Any CPU.Build.0 = Debug|Any CPU
		{9E82BCAB-20A3-2B8E-2C09-C812741F60AB}.Release|Any CPU.ActiveCfg = Release|Any CPU
		{9E82BCAB-20A3-2B8E-2C09-C812741F60AB}.Release|Any CPU.Build.0 = Release|Any CPU
		{2E264844-1D9A-4E3E-B38A-88AF26DA6C8E}.Debug|Any CPU.ActiveCfg = Debug|Any CPU
		{2E264844-1D9A-4E3E-B38A-88AF26DA6C8E}.Debug|Any CPU.Build.0 = Debug|Any CPU
		{2E264844-1D9A-4E3E-B38A-88AF26DA6C8E}.Release|Any CPU.ActiveCfg = Release|Any CPU
		{2E264844-1D9A-4E3E-B38A-88AF26DA6C8E}.Release|Any CPU.Build.0 = Release|Any CPU
		{1AA2E92C-A2E5-4742-B00D-527E948B9CF4}.Debug|Any CPU.ActiveCfg = Debug|Any CPU
		{1AA2E92C-A2E5-4742-B00D-527E948B9CF4}.Debug|Any CPU.Build.0 = Debug|Any CPU
		{1AA2E92C-A2E5-4742-B00D-527E948B9CF4}.Release|Any CPU.ActiveCfg = Release|Any CPU
		{1AA2E92C-A2E5-4742-B00D-527E948B9CF4}.Release|Any CPU.Build.0 = Release|Any CPU
		{AFCFD429-9DD5-40C2-9B43-7450A62C7972}.Debug|Any CPU.ActiveCfg = Debug|Any CPU
		{AFCFD429-9DD5-40C2-9B43-7450A62C7972}.Debug|Any CPU.Build.0 = Debug|Any CPU
		{AFCFD429-9DD5-40C2-9B43-7450A62C7972}.Release|Any CPU.ActiveCfg = Release|Any CPU
		{AFCFD429-9DD5-40C2-9B43-7450A62C7972}.Release|Any CPU.Build.0 = Release|Any CPU
		{ADE18DF6-155E-4B05-9101-83DFAF9F10AB}.Debug|Any CPU.ActiveCfg = Debug|Any CPU
		{ADE18DF6-155E-4B05-9101-83DFAF9F10AB}.Debug|Any CPU.Build.0 = Debug|Any CPU
		{ADE18DF6-155E-4B05-9101-83DFAF9F10AB}.Release|Any CPU.ActiveCfg = Release|Any CPU
		{ADE18DF6-155E-4B05-9101-83DFAF9F10AB}.Release|Any CPU.Build.0 = Release|Any CPU
		{EADAFFB7-5265-48DD-9E92-23C9CE49D231}.Debug|Any CPU.ActiveCfg = Debug|Any CPU
		{EADAFFB7-5265-48DD-9E92-23C9CE49D231}.Debug|Any CPU.Build.0 = Debug|Any CPU
		{EADAFFB7-5265-48DD-9E92-23C9CE49D231}.Release|Any CPU.ActiveCfg = Release|Any CPU
		{EADAFFB7-5265-48DD-9E92-23C9CE49D231}.Release|Any CPU.Build.0 = Release|Any CPU
		{E6A863D4-8206-BF14-A412-3D52CB01AAD0}.Debug|Any CPU.ActiveCfg = Debug|Any CPU
		{E6A863D4-8206-BF14-A412-3D52CB01AAD0}.Debug|Any CPU.Build.0 = Debug|Any CPU
		{E6A863D4-8206-BF14-A412-3D52CB01AAD0}.Release|Any CPU.ActiveCfg = Release|Any CPU
		{E6A863D4-8206-BF14-A412-3D52CB01AAD0}.Release|Any CPU.Build.0 = Release|Any CPU
		{72F96305-E330-FE35-1B01-AB4FA9F3618E}.Debug|Any CPU.ActiveCfg = Debug|Any CPU
		{72F96305-E330-FE35-1B01-AB4FA9F3618E}.Debug|Any CPU.Build.0 = Debug|Any CPU
		{72F96305-E330-FE35-1B01-AB4FA9F3618E}.Release|Any CPU.ActiveCfg = Release|Any CPU
		{72F96305-E330-FE35-1B01-AB4FA9F3618E}.Release|Any CPU.Build.0 = Release|Any CPU
		{81B55FF4-1E67-580D-7F01-61C1F2212A64}.Debug|Any CPU.ActiveCfg = Debug|Any CPU
		{81B55FF4-1E67-580D-7F01-61C1F2212A64}.Debug|Any CPU.Build.0 = Debug|Any CPU
		{81B55FF4-1E67-580D-7F01-61C1F2212A64}.Release|Any CPU.ActiveCfg = Release|Any CPU
		{81B55FF4-1E67-580D-7F01-61C1F2212A64}.Release|Any CPU.Build.0 = Release|Any CPU
		{902A1CC6-9ADB-F03B-E515-FFE36246EF84}.Debug|Any CPU.ActiveCfg = Debug|Any CPU
		{902A1CC6-9ADB-F03B-E515-FFE36246EF84}.Debug|Any CPU.Build.0 = Debug|Any CPU
		{902A1CC6-9ADB-F03B-E515-FFE36246EF84}.Release|Any CPU.ActiveCfg = Release|Any CPU
		{902A1CC6-9ADB-F03B-E515-FFE36246EF84}.Release|Any CPU.Build.0 = Release|Any CPU
		{42F872A5-F0E1-4FA3-87FB-1D1E4AC4ADB5}.Debug|Any CPU.ActiveCfg = Debug|Any CPU
		{42F872A5-F0E1-4FA3-87FB-1D1E4AC4ADB5}.Debug|Any CPU.Build.0 = Debug|Any CPU
		{42F872A5-F0E1-4FA3-87FB-1D1E4AC4ADB5}.Release|Any CPU.ActiveCfg = Release|Any CPU
		{42F872A5-F0E1-4FA3-87FB-1D1E4AC4ADB5}.Release|Any CPU.Build.0 = Release|Any CPU
		{8B88F9D8-383A-E122-E109-DC041127D84F}.Debug|Any CPU.ActiveCfg = Debug|Any CPU
		{8B88F9D8-383A-E122-E109-DC041127D84F}.Debug|Any CPU.Build.0 = Debug|Any CPU
		{8B88F9D8-383A-E122-E109-DC041127D84F}.Release|Any CPU.ActiveCfg = Release|Any CPU
		{8B88F9D8-383A-E122-E109-DC041127D84F}.Release|Any CPU.Build.0 = Release|Any CPU
		{D5185AD9-25A9-C41B-D4E8-9FFBE6515871}.Debug|Any CPU.ActiveCfg = Debug|Any CPU
		{D5185AD9-25A9-C41B-D4E8-9FFBE6515871}.Debug|Any CPU.Build.0 = Debug|Any CPU
		{D5185AD9-25A9-C41B-D4E8-9FFBE6515871}.Release|Any CPU.ActiveCfg = Release|Any CPU
		{D5185AD9-25A9-C41B-D4E8-9FFBE6515871}.Release|Any CPU.Build.0 = Release|Any CPU
		{FB286D52-D9DD-1104-3A8F-B2B2C97BDA05}.Debug|Any CPU.ActiveCfg = Debug|Any CPU
		{FB286D52-D9DD-1104-3A8F-B2B2C97BDA05}.Debug|Any CPU.Build.0 = Debug|Any CPU
		{FB286D52-D9DD-1104-3A8F-B2B2C97BDA05}.Release|Any CPU.ActiveCfg = Release|Any CPU
		{FB286D52-D9DD-1104-3A8F-B2B2C97BDA05}.Release|Any CPU.Build.0 = Release|Any CPU
		{44F778B6-2F20-0600-9E36-A251646C9C21}.Debug|Any CPU.ActiveCfg = Debug|Any CPU
		{44F778B6-2F20-0600-9E36-A251646C9C21}.Debug|Any CPU.Build.0 = Debug|Any CPU
		{44F778B6-2F20-0600-9E36-A251646C9C21}.Release|Any CPU.ActiveCfg = Release|Any CPU
		{44F778B6-2F20-0600-9E36-A251646C9C21}.Release|Any CPU.Build.0 = Release|Any CPU
		{24A10BEA-ADC7-38F3-1A2D-F20D7E8A5743}.Debug|Any CPU.ActiveCfg = Debug|Any CPU
		{24A10BEA-ADC7-38F3-1A2D-F20D7E8A5743}.Debug|Any CPU.Build.0 = Debug|Any CPU
		{24A10BEA-ADC7-38F3-1A2D-F20D7E8A5743}.Release|Any CPU.ActiveCfg = Release|Any CPU
		{24A10BEA-ADC7-38F3-1A2D-F20D7E8A5743}.Release|Any CPU.Build.0 = Release|Any CPU
		{DA3E1394-873E-4F40-8182-97487220569F}.Debug|Any CPU.ActiveCfg = Debug|Any CPU
		{DA3E1394-873E-4F40-8182-97487220569F}.Debug|Any CPU.Build.0 = Debug|Any CPU
		{DA3E1394-873E-4F40-8182-97487220569F}.Release|Any CPU.ActiveCfg = Release|Any CPU
		{DA3E1394-873E-4F40-8182-97487220569F}.Release|Any CPU.Build.0 = Release|Any CPU
		{F98BAD3A-3D69-47DD-9C3C-5549A56F2556}.Debug|Any CPU.ActiveCfg = Debug|Any CPU
		{F98BAD3A-3D69-47DD-9C3C-5549A56F2556}.Debug|Any CPU.Build.0 = Debug|Any CPU
		{F98BAD3A-3D69-47DD-9C3C-5549A56F2556}.Release|Any CPU.ActiveCfg = Release|Any CPU
		{F98BAD3A-3D69-47DD-9C3C-5549A56F2556}.Release|Any CPU.Build.0 = Release|Any CPU
		{13152117-B62B-44C9-97CB-530888D3A6F8}.Debug|Any CPU.ActiveCfg = Debug|Any CPU
		{13152117-B62B-44C9-97CB-530888D3A6F8}.Debug|Any CPU.Build.0 = Debug|Any CPU
		{13152117-B62B-44C9-97CB-530888D3A6F8}.Release|Any CPU.ActiveCfg = Release|Any CPU
		{13152117-B62B-44C9-97CB-530888D3A6F8}.Release|Any CPU.Build.0 = Release|Any CPU
		{2111D8D2-8DA1-47B1-ABCD-3CE4C3B66D52}.Debug|Any CPU.ActiveCfg = Debug|Any CPU
		{2111D8D2-8DA1-47B1-ABCD-3CE4C3B66D52}.Debug|Any CPU.Build.0 = Debug|Any CPU
		{2111D8D2-8DA1-47B1-ABCD-3CE4C3B66D52}.Release|Any CPU.ActiveCfg = Release|Any CPU
		{2111D8D2-8DA1-47B1-ABCD-3CE4C3B66D52}.Release|Any CPU.Build.0 = Release|Any CPU
		{BA01DABD-7E81-4329-AB2A-16E409AB0858}.Debug|Any CPU.ActiveCfg = Debug|Any CPU
		{BA01DABD-7E81-4329-AB2A-16E409AB0858}.Debug|Any CPU.Build.0 = Debug|Any CPU
		{BA01DABD-7E81-4329-AB2A-16E409AB0858}.Release|Any CPU.ActiveCfg = Release|Any CPU
		{BA01DABD-7E81-4329-AB2A-16E409AB0858}.Release|Any CPU.Build.0 = Release|Any CPU
	EndGlobalSection
	GlobalSection(SolutionProperties) = preSolution
		HideSolutionNode = FALSE
	EndGlobalSection
	GlobalSection(NestedProjects) = preSolution
		{8B88F9D8-383A-E122-E109-DC041127D84F} = {4D910D74-FA9E-4A18-8D1F-6AEBCF967CF4}
		{4D910D74-FA9E-4A18-8D1F-6AEBCF967CF4} = {02EA681E-C7D8-13C7-8484-4AC65E1B71E8}
		{FD864E60-D8EF-4BA0-ACF4-58C748092E7D} = {02EA681E-C7D8-13C7-8484-4AC65E1B71E8}
		{AD1B4179-F737-48AE-A61C-941F2759E05E} = {02EA681E-C7D8-13C7-8484-4AC65E1B71E8}
		{D5185AD9-25A9-C41B-D4E8-9FFBE6515871} = {4D910D74-FA9E-4A18-8D1F-6AEBCF967CF4}
		{FB286D52-D9DD-1104-3A8F-B2B2C97BDA05} = {02EA681E-C7D8-13C7-8484-4AC65E1B71E8}
		{44F778B6-2F20-0600-9E36-A251646C9C21} = {FD864E60-D8EF-4BA0-ACF4-58C748092E7D}
		{24A10BEA-ADC7-38F3-1A2D-F20D7E8A5743} = {FD864E60-D8EF-4BA0-ACF4-58C748092E7D}
		{DA3E1394-873E-4F40-8182-97487220569F} = {FD864E60-D8EF-4BA0-ACF4-58C748092E7D}
		{F98BAD3A-3D69-47DD-9C3C-5549A56F2556} = {AD1B4179-F737-48AE-A61C-941F2759E05E}
		{13152117-B62B-44C9-97CB-530888D3A6F8} = {AD1B4179-F737-48AE-A61C-941F2759E05E}
		{2111D8D2-8DA1-47B1-ABCD-3CE4C3B66D52} = {AD1B4179-F737-48AE-A61C-941F2759E05E}
		{BA01DABD-7E81-4329-AB2A-16E409AB0858} = {AD1B4179-F737-48AE-A61C-941F2759E05E}
	EndGlobalSection
	GlobalSection(ExtensibilityGlobals) = postSolution
		SolutionGuid = {1B50F528-C46C-4120-AEAF-8768F535DD28}
	EndGlobalSection
EndGlobal
